<?xml version="1.0" encoding="utf-8"?>
<Project ToolsVersion="4.0" xmlns="http://schemas.microsoft.com/developer/msbuild/2003">
  <ItemGroup>
    <Filter Include="Source Files">
      <UniqueIdentifier>{4FC737F1-C7A5-4376-A066-2A32D752A2FF}</UniqueIdentifier>
      <Extensions>cpp;c;cc;cxx;c++;cppm;ixx;def;odl;idl;hpj;bat;asm;asmx</Extensions>
    </Filter>
    <Filter Include="Header Files">
      <UniqueIdentifier>{93995380-89BD-4b04-88EB-625FBE52EBFB}</UniqueIdentifier>
      <Extensions>h;hh;hpp;hxx;h++;hm;inl;inc;ipp;xsd</Extensions>
    </Filter>
    <Filter Include="Resource Files">
      <UniqueIdentifier>{67DA6AB6-F800-4c08-8B7A-83BB121AAD01}</UniqueIdentifier>
      <Extensions>rc;ico;cur;bmp;dlg;rc2;rct;bin;rgs;gif;jpg;jpeg;jpe;resx;tiff;tif;png;wav;mfcribbon-ms</Extensions>
    </Filter>
    <Filter Include="Abseil Sources">
      <UniqueIdentifier>{033053f3-4dea-42b1-865e-4940a02fb4e5}</UniqueIdentifier>
    </Filter>
  </ItemGroup>
  <ItemGroup>
    <ClInclude Include="framework.h">
      <Filter>Header Files</Filter>
    </ClInclude>
  </ItemGroup>
  <ItemGroup>
    <ClCompile Include="AbseilStaticLib.cpp">
      <Filter>Source Files</Filter>
    </ClCompile>
    <ClCompile Include="Abseil\Source\address_is_readable.cc">
      <Filter>Abseil Sources</Filter>
    </ClCompile>
    <ClCompile Include="Abseil\Source\arg.cc">
      <Filter>Abseil Sources</Filter>
    </ClCompile>
    <ClCompile Include="Abseil\Source\ascii.cc">
      <Filter>Abseil Sources</Filter>
    </ClCompile>
    <ClCompile Include="Abseil\Source\bad_any_cast.cc">
      <Filter>Abseil Sources</Filter>
    </ClCompile>
    <ClCompile Include="Abseil\Source\bad_optional_access.cc">
      <Filter>Abseil Sources</Filter>
    </ClCompile>
    <ClCompile Include="Abseil\Source\bad_variant_access.cc">
      <Filter>Abseil Sources</Filter>
    </ClCompile>
    <ClCompile Include="Abseil\Source\barrier.cc">
      <Filter>Abseil Sources</Filter>
    </ClCompile>
    <ClCompile Include="Abseil\Source\bind.cc">
      <Filter>Abseil Sources</Filter>
    </ClCompile>
    <ClCompile Include="Abseil\Source\blocking_counter.cc">
      <Filter>Abseil Sources</Filter>
    </ClCompile>
    <ClCompile Include="Abseil\Source\charconv.cc">
      <Filter>Abseil Sources</Filter>
    </ClCompile>
    <ClCompile Include="Abseil\Source\charconv_bigint.cc">
      <Filter>Abseil Sources</Filter>
    </ClCompile>
    <ClCompile Include="Abseil\Source\charconv_parse.cc">
      <Filter>Abseil Sources</Filter>
    </ClCompile>
    <ClCompile Include="Abseil\Source\check_op.cc">
      <Filter>Abseil Sources</Filter>
    </ClCompile>
    <ClCompile Include="Abseil\Source\city.cc">
      <Filter>Abseil Sources</Filter>
    </ClCompile>
    <ClCompile Include="Abseil\Source\civil_time.cc">
      <Filter>Abseil Sources</Filter>
    </ClCompile>
    <ClCompile Include="Abseil\Source\civil_time_detail.cc">
      <Filter>Abseil Sources</Filter>
    </ClCompile>
    <ClCompile Include="Abseil\Source\clock.cc">
      <Filter>Abseil Sources</Filter>
    </ClCompile>
    <ClCompile Include="Abseil\Source\commandlineflag (2).cc">
      <Filter>Abseil Sources</Filter>
    </ClCompile>
    <ClCompile Include="Abseil\Source\commandlineflag.cc">
      <Filter>Abseil Sources</Filter>
    </ClCompile>
    <ClCompile Include="Abseil\Source\conditions.cc">
      <Filter>Abseil Sources</Filter>
    </ClCompile>
    <ClCompile Include="Abseil\Source\cord.cc">
      <Filter>Abseil Sources</Filter>
    </ClCompile>
    <ClCompile Include="Abseil\Source\cord_analysis.cc">
      <Filter>Abseil Sources</Filter>
    </ClCompile>
    <ClCompile Include="Abseil\Source\cord_buffer.cc">
      <Filter>Abseil Sources</Filter>
    </ClCompile>
    <ClCompile Include="Abseil\Source\cord_internal.cc">
      <Filter>Abseil Sources</Filter>
    </ClCompile>
    <ClCompile Include="Abseil\Source\cord_rep_btree.cc">
      <Filter>Abseil Sources</Filter>
    </ClCompile>
    <ClCompile Include="Abseil\Source\cord_rep_btree_navigator.cc">
      <Filter>Abseil Sources</Filter>
    </ClCompile>
    <ClCompile Include="Abseil\Source\cord_rep_btree_reader.cc">
      <Filter>Abseil Sources</Filter>
    </ClCompile>
    <ClCompile Include="Abseil\Source\cord_rep_consume.cc">
      <Filter>Abseil Sources</Filter>
    </ClCompile>
    <ClCompile Include="Abseil\Source\cord_rep_crc.cc">
      <Filter>Abseil Sources</Filter>
    </ClCompile>
    <ClCompile Include="Abseil\Source\cordz_functions.cc">
      <Filter>Abseil Sources</Filter>
    </ClCompile>
    <ClCompile Include="Abseil\Source\cordz_handle.cc">
      <Filter>Abseil Sources</Filter>
    </ClCompile>
    <ClCompile Include="Abseil\Source\cordz_info.cc">
      <Filter>Abseil Sources</Filter>
    </ClCompile>
    <ClCompile Include="Abseil\Source\cordz_sample_token.cc">
      <Filter>Abseil Sources</Filter>
    </ClCompile>
    <ClCompile Include="Abseil\Source\cpu_detect.cc">
      <Filter>Abseil Sources</Filter>
    </ClCompile>
    <ClCompile Include="Abseil\Source\crc.cc">
      <Filter>Abseil Sources</Filter>
    </ClCompile>
    <ClCompile Include="Abseil\Source\crc_cord_state.cc">
      <Filter>Abseil Sources</Filter>
    </ClCompile>
    <ClCompile Include="Abseil\Source\crc_memcpy_fallback.cc">
      <Filter>Abseil Sources</Filter>
    </ClCompile>
    <ClCompile Include="Abseil\Source\crc_memcpy_x86_arm_combined.cc">
      <Filter>Abseil Sources</Filter>
    </ClCompile>
    <ClCompile Include="Abseil\Source\crc_non_temporal_memcpy.cc">
      <Filter>Abseil Sources</Filter>
    </ClCompile>
    <ClCompile Include="Abseil\Source\crc_x86_arm_combined.cc">
      <Filter>Abseil Sources</Filter>
    </ClCompile>
    <ClCompile Include="Abseil\Source\crc32c.cc">
      <Filter>Abseil Sources</Filter>
    </ClCompile>
    <ClCompile Include="Abseil\Source\create_thread_identity.cc">
      <Filter>Abseil Sources</Filter>
    </ClCompile>
    <ClCompile Include="Abseil\Source\cycleclock.cc">
      <Filter>Abseil Sources</Filter>
    </ClCompile>
    <ClCompile Include="Abseil\Source\damerau_levenshtein_distance.cc">
      <Filter>Abseil Sources</Filter>
    </ClCompile>
    <ClCompile Include="Abseil\Source\decode_rust_punycode.cc">
      <Filter>Abseil Sources</Filter>
    </ClCompile>
    <ClCompile Include="Abseil\Source\demangle.cc">
      <Filter>Abseil Sources</Filter>
    </ClCompile>
    <ClCompile Include="Abseil\Source\demangle_rust.cc">
      <Filter>Abseil Sources</Filter>
    </ClCompile>
    <ClCompile Include="Abseil\Source\die_if_null.cc">
      <Filter>Abseil Sources</Filter>
    </ClCompile>
    <ClCompile Include="Abseil\Source\discrete_distribution.cc">
      <Filter>Abseil Sources</Filter>
    </ClCompile>
    <ClCompile Include="Abseil\Source\duration.cc">
      <Filter>Abseil Sources</Filter>
    </ClCompile>
    <ClCompile Include="Abseil\Source\elf_mem_image.cc">
      <Filter>Abseil Sources</Filter>
    </ClCompile>
    <ClCompile Include="Abseil\Source\escaping (2).cc">
      <Filter>Abseil Sources</Filter>
    </ClCompile>
    <ClCompile Include="Abseil\Source\escaping.cc">
      <Filter>Abseil Sources</Filter>
    </ClCompile>
    <ClCompile Include="Abseil\Source\examine_stack.cc">
      <Filter>Abseil Sources</Filter>
    </ClCompile>
    <ClCompile Include="Abseil\Source\exponential_biased.cc">
      <Filter>Abseil Sources</Filter>
    </ClCompile>
    <ClCompile Include="Abseil\Source\extension.cc">
      <Filter>Abseil Sources</Filter>
    </ClCompile>
    <ClCompile Include="Abseil\Source\failure_signal_handler.cc">
      <Filter>Abseil Sources</Filter>
    </ClCompile>
    <ClCompile Include="Abseil\Source\flag.cc">
      <Filter>Abseil Sources</Filter>
    </ClCompile>
    <ClCompile Include="Abseil\Source\flags.cc">
      <Filter>Abseil Sources</Filter>
    </ClCompile>
    <ClCompile Include="Abseil\Source\float_conversion.cc">
      <Filter>Abseil Sources</Filter>
    </ClCompile>
    <ClCompile Include="Abseil\Source\fnmatch.cc">
      <Filter>Abseil Sources</Filter>
    </ClCompile>
    <ClCompile Include="Abseil\Source\format.cc">
      <Filter>Abseil Sources</Filter>
    </ClCompile>
    <ClCompile Include="Abseil\Source\futex_waiter.cc">
      <Filter>Abseil Sources</Filter>
    </ClCompile>
    <ClCompile Include="Abseil\Source\gaussian_distribution.cc">
      <Filter>Abseil Sources</Filter>
    </ClCompile>
    <ClCompile Include="Abseil\Source\globals (2).cc">
      <Filter>Abseil Sources</Filter>
    </ClCompile>
    <ClCompile Include="Abseil\Source\globals.cc">
      <Filter>Abseil Sources</Filter>
    </ClCompile>
    <ClCompile Include="Abseil\Source\graphcycles.cc">
      <Filter>Abseil Sources</Filter>
    </ClCompile>
    <ClCompile Include="Abseil\Source\hash.cc">
      <Filter>Abseil Sources</Filter>
    </ClCompile>
    <ClCompile Include="Abseil\Source\hashtablez_sampler.cc">
      <Filter>Abseil Sources</Filter>
    </ClCompile>
    <ClCompile Include="Abseil\Source\hashtablez_sampler_force_weak_definition.cc">
      <Filter>Abseil Sources</Filter>
    </ClCompile>
    <ClCompile Include="Abseil\Source\initialize.cc">
      <Filter>Abseil Sources</Filter>
    </ClCompile>
    <ClCompile Include="Abseil\Source\int128.cc">
      <Filter>Abseil Sources</Filter>
    </ClCompile>
    <ClCompile Include="Abseil\Source\kernel_timeout.cc">
      <Filter>Abseil Sources</Filter>
    </ClCompile>
    <ClCompile Include="Abseil\Source\leak_check.cc">
      <Filter>Abseil Sources</Filter>
    </ClCompile>
    <ClCompile Include="Abseil\Source\log_entry.cc">
      <Filter>Abseil Sources</Filter>
    </ClCompile>
    <ClCompile Include="Abseil\Source\log_format.cc">
      <Filter>Abseil Sources</Filter>
    </ClCompile>
    <ClCompile Include="Abseil\Source\log_message.cc">
      <Filter>Abseil Sources</Filter>
    </ClCompile>
    <ClCompile Include="Abseil\Source\log_severity.cc">
      <Filter>Abseil Sources</Filter>
    </ClCompile>
    <ClCompile Include="Abseil\Source\log_sink.cc">
      <Filter>Abseil Sources</Filter>
    </ClCompile>
    <ClCompile Include="Abseil\Source\log_sink_set.cc">
      <Filter>Abseil Sources</Filter>
    </ClCompile>
    <ClCompile Include="Abseil\Source\low_level_alloc.cc">
      <Filter>Abseil Sources</Filter>
    </ClCompile>
    <ClCompile Include="Abseil\Source\low_level_hash.cc">
      <Filter>Abseil Sources</Filter>
    </ClCompile>
    <ClCompile Include="Abseil\Source\marshalling.cc">
      <Filter>Abseil Sources</Filter>
    </ClCompile>
    <ClCompile Include="Abseil\Source\match.cc">
      <Filter>Abseil Sources</Filter>
    </ClCompile>
    <ClCompile Include="Abseil\Source\memutil.cc">
      <Filter>Abseil Sources</Filter>
    </ClCompile>
    <ClCompile Include="Abseil\Source\mutex.cc">
      <Filter>Abseil Sources</Filter>
    </ClCompile>
    <ClCompile Include="Abseil\Source\notification.cc">
      <Filter>Abseil Sources</Filter>
    </ClCompile>
    <ClCompile Include="Abseil\Source\nullguard.cc">
      <Filter>Abseil Sources</Filter>
    </ClCompile>
    <ClCompile Include="Abseil\Source\numbers.cc">
      <Filter>Abseil Sources</Filter>
    </ClCompile>
    <ClCompile Include="Abseil\Source\ostringstream.cc">
      <Filter>Abseil Sources</Filter>
    </ClCompile>
    <ClCompile Include="Abseil\Source\output.cc">
      <Filter>Abseil Sources</Filter>
    </ClCompile>
    <ClCompile Include="Abseil\Source\parse.cc">
      <Filter>Abseil Sources</Filter>
    </ClCompile>
    <ClCompile Include="Abseil\Source\parser.cc">
      <Filter>Abseil Sources</Filter>
    </ClCompile>
    <ClCompile Include="Abseil\Source\per_thread_sem.cc">
      <Filter>Abseil Sources</Filter>
    </ClCompile>
    <ClCompile Include="Abseil\Source\periodic_sampler.cc">
      <Filter>Abseil Sources</Filter>
    </ClCompile>
    <ClCompile Include="Abseil\Source\poison.cc">
      <Filter>Abseil Sources</Filter>
    </ClCompile>
    <ClCompile Include="Abseil\Source\pool_urbg.cc">
      <Filter>Abseil Sources</Filter>
    </ClCompile>
    <ClCompile Include="Abseil\Source\pow10_helper.cc">
      <Filter>Abseil Sources</Filter>
    </ClCompile>
    <ClCompile Include="Abseil\Source\private_handle_accessor.cc">
      <Filter>Abseil Sources</Filter>
    </ClCompile>
    <ClCompile Include="Abseil\Source\program_name.cc">
      <Filter>Abseil Sources</Filter>
    </ClCompile>
    <ClCompile Include="Abseil\Source\proto.cc">
      <Filter>Abseil Sources</Filter>
    </ClCompile>
    <ClCompile Include="Abseil\Source\pthread_waiter.cc">
      <Filter>Abseil Sources</Filter>
    </ClCompile>
    <ClCompile Include="Abseil\Source\randen.cc">
      <Filter>Abseil Sources</Filter>
    </ClCompile>
    <ClCompile Include="Abseil\Source\randen_detect.cc">
      <Filter>Abseil Sources</Filter>
    </ClCompile>
    <ClCompile Include="Abseil\Source\randen_hwaes.cc">
      <Filter>Abseil Sources</Filter>
    </ClCompile>
    <ClCompile Include="Abseil\Source\randen_round_keys.cc">
      <Filter>Abseil Sources</Filter>
    </ClCompile>
    <ClCompile Include="Abseil\Source\randen_slow.cc">
      <Filter>Abseil Sources</Filter>
    </ClCompile>
    <ClCompile Include="Abseil\Source\raw_hash_set.cc">
      <Filter>Abseil Sources</Filter>
    </ClCompile>
    <ClCompile Include="Abseil\Source\raw_logging.cc">
      <Filter>Abseil Sources</Filter>
    </ClCompile>
    <ClCompile Include="Abseil\Source\reflection.cc">
      <Filter>Abseil Sources</Filter>
    </ClCompile>
    <ClCompile Include="Abseil\Source\scoped_set_env.cc">
      <Filter>Abseil Sources</Filter>
    </ClCompile>
    <ClCompile Include="Abseil\Source\seed_gen_exception.cc">
      <Filter>Abseil Sources</Filter>
    </ClCompile>
    <ClCompile Include="Abseil\Source\seed_material.cc">
      <Filter>Abseil Sources</Filter>
    </ClCompile>
    <ClCompile Include="Abseil\Source\seed_sequences.cc">
      <Filter>Abseil Sources</Filter>
    </ClCompile>
    <ClCompile Include="Abseil\Source\sem_waiter.cc">
      <Filter>Abseil Sources</Filter>
    </ClCompile>
    <ClCompile Include="Abseil\Source\spinlock.cc">
      <Filter>Abseil Sources</Filter>
    </ClCompile>
    <ClCompile Include="Abseil\Source\spinlock_wait.cc">
      <Filter>Abseil Sources</Filter>
    </ClCompile>
    <ClCompile Include="Abseil\Source\stack_consumption.cc">
      <Filter>Abseil Sources</Filter>
    </ClCompile>
    <ClCompile Include="Abseil\Source\stacktrace.cc">
      <Filter>Abseil Sources</Filter>
    </ClCompile>
    <ClCompile Include="Abseil\Source\status.cc">
      <Filter>Abseil Sources</Filter>
    </ClCompile>
    <ClCompile Include="Abseil\Source\status_internal.cc">
      <Filter>Abseil Sources</Filter>
    </ClCompile>
    <ClCompile Include="Abseil\Source\status_payload_printer.cc">
      <Filter>Abseil Sources</Filter>
    </ClCompile>
    <ClCompile Include="Abseil\Source\statusor.cc">
      <Filter>Abseil Sources</Filter>
    </ClCompile>
    <ClCompile Include="Abseil\Source\stdcpp_waiter.cc">
      <Filter>Abseil Sources</Filter>
    </ClCompile>
    <ClCompile Include="Abseil\Source\str_cat.cc">
      <Filter>Abseil Sources</Filter>
    </ClCompile>
    <ClCompile Include="Abseil\Source\str_replace.cc">
      <Filter>Abseil Sources</Filter>
    </ClCompile>
    <ClCompile Include="Abseil\Source\str_split.cc">
      <Filter>Abseil Sources</Filter>
    </ClCompile>
    <ClCompile Include="Abseil\Source\strerror.cc">
      <Filter>Abseil Sources</Filter>
    </ClCompile>
    <ClCompile Include="Abseil\Source\string_view.cc">
      <Filter>Abseil Sources</Filter>
    </ClCompile>
    <ClCompile Include="Abseil\Source\stringify_sink.cc">
      <Filter>Abseil Sources</Filter>
    </ClCompile>
    <ClCompile Include="Abseil\Source\structured_proto.cc">
      <Filter>Abseil Sources</Filter>
    </ClCompile>
    <ClCompile Include="Abseil\Source\substitute.cc">
      <Filter>Abseil Sources</Filter>
    </ClCompile>
    <ClCompile Include="Abseil\Source\symbolize.cc">
      <Filter>Abseil Sources</Filter>
    </ClCompile>
    <ClCompile Include="Abseil\Source\sysinfo.cc">
      <Filter>Abseil Sources</Filter>
    </ClCompile>
    <ClCompile Include="Abseil\Source\thread_identity.cc">
      <Filter>Abseil Sources</Filter>
    </ClCompile>
    <ClCompile Include="Abseil\Source\throw_delegate.cc">
      <Filter>Abseil Sources</Filter>
    </ClCompile>
    <ClCompile Include="Abseil\Source\time.cc">
      <Filter>Abseil Sources</Filter>
    </ClCompile>
    <ClCompile Include="Abseil\Source\time_zone_fixed.cc">
      <Filter>Abseil Sources</Filter>
    </ClCompile>
    <ClCompile Include="Abseil\Source\time_zone_format.cc">
      <Filter>Abseil Sources</Filter>
    </ClCompile>
    <ClCompile Include="Abseil\Source\time_zone_if.cc">
      <Filter>Abseil Sources</Filter>
    </ClCompile>
    <ClCompile Include="Abseil\Source\time_zone_impl.cc">
      <Filter>Abseil Sources</Filter>
    </ClCompile>
    <ClCompile Include="Abseil\Source\time_zone_info.cc">
      <Filter>Abseil Sources</Filter>
    </ClCompile>
    <ClCompile Include="Abseil\Source\time_zone_libc.cc">
      <Filter>Abseil Sources</Filter>
    </ClCompile>
    <ClCompile Include="Abseil\Source\time_zone_lookup.cc">
      <Filter>Abseil Sources</Filter>
    </ClCompile>
    <ClCompile Include="Abseil\Source\time_zone_posix.cc">
      <Filter>Abseil Sources</Filter>
    </ClCompile>
    <ClCompile Include="Abseil\Source\tracing.cc">
      <Filter>Abseil Sources</Filter>
    </ClCompile>
    <ClCompile Include="Abseil\Source\unscaledcycleclock.cc">
      <Filter>Abseil Sources</Filter>
    </ClCompile>
    <ClCompile Include="Abseil\Source\usage (2).cc">
      <Filter>Abseil Sources</Filter>
    </ClCompile>
    <ClCompile Include="Abseil\Source\usage.cc">
      <Filter>Abseil Sources</Filter>
    </ClCompile>
    <ClCompile Include="Abseil\Source\usage_config.cc">
      <Filter>Abseil Sources</Filter>
    </ClCompile>
    <ClCompile Include="Abseil\Source\utf8.cc">
      <Filter>Abseil Sources</Filter>
    </ClCompile>
    <ClCompile Include="Abseil\Source\utf8_for_code_point.cc">
      <Filter>Abseil Sources</Filter>
    </ClCompile>
    <ClCompile Include="Abseil\Source\vdso_support.cc">
      <Filter>Abseil Sources</Filter>
    </ClCompile>
    <ClCompile Include="Abseil\Source\vlog_config.cc">
      <Filter>Abseil Sources</Filter>
    </ClCompile>
    <ClCompile Include="Abseil\Source\waiter_base.cc">
      <Filter>Abseil Sources</Filter>
    </ClCompile>
    <ClCompile Include="Abseil\Source\win32_waiter.cc">
      <Filter>Abseil Sources</Filter>
    </ClCompile>
    <ClCompile Include="Abseil\Source\zone_info_source.cc">
      <Filter>Abseil Sources</Filter>
    </ClCompile>
  </ItemGroup>
</Project>