github.com/coregx/ahocorasick v0.3.1 h1:1kG0szrBH+HBUaG6bRm2TWdJ+x6yJivmBsv6dfzk7ss=
github.com/coregx/ahocorasick v0.3.1/go.mod h1:SDcS9KTiwLP8FHNpYSO3Q3mRqrK8SYJAYpygrhcIils=
github.com/coregx/coregex v0.12.25 h1:iGRlkmFjEZIFheXvNdaFgfB8PcCEzsTNFcFhyhggXtA=
github.com/coregx/coregex v0.12.25/go.mod h1:NoNLGw2x6oaJzZwNYzMgyWDkRpQHLbG3K31P2bFMQkA=
golang.org/x/sys v0.47.0 h1:o7XGOvZQCADBQQ4Y7VNq2dRWQR7JmOUW8Kxx4ZsNgWs=
golang.org/x/sys v0.47.0/go.mod h1:4GL1E5IUh+htKOUEOaiffhrAeqysfVGipDYzABqnCmw=
