
Microsoft Visual Studio Solution File, Format Version 12.00
# Visual Studio Version 17
VisualStudioVersion = 17.5.33530.505
MinimumVisualStudioVersion = 10.0.40219.1
Project("{8BC9CEB8-8B4A-11D0-8D11-00A0C91BC942}") = "WebView2Worker", "WebView2Worker.vcxproj", "{2D0502B5-8F7B-4FCC-864A-49BCF350B986}"
EndProject
Global
	GlobalSection(SolutionConfigurationPlatforms) = preSolution
		Debug|x64 = Debug|x64
		Release|x64 = Release|x64
	EndGlobalSection
	GlobalSection(ProjectConfigurationPlatforms) = postSolution
		{2D0502B5-8F7B-4FCC-864A-49BCF350B986}.Debug|x64.ActiveCfg = Debug|x64
		{2D0502B5-8F7B-4FCC-864A-49BCF350B986}.Debug|x64.Build.0 = Debug|x64
		{2D0502B5-8F7B-4FCC-864A-49BCF350B986}.Release|x64.ActiveCfg = Release|x64
		{2D0502B5-8F7B-4FCC-864A-49BCF350B986}.Release|x64.Build.0 = Release|x64
	EndGlobalSection
	GlobalSection(SolutionProperties) = preSolution
		HideSolutionNode = FALSE
	EndGlobalSection
	GlobalSection(ExtensibilityGlobals) = postSolution
		                                SolutionGuid = {208302FF-DCD8-4EA4-8480-00B3FEFADB00}
		SolutionGuid = {B35EBA5E-DAD7-4C32-8127-27CA98962289}
	EndGlobalSection
EndGlobal
