
Microsoft Visual Studio Solution File, Format Version 12.00
# Visual Studio Version 17
VisualStudioVersion = 17.5.33516.290
MinimumVisualStudioVersion = 10.0.40219.1
Project("{9A19103F-16F7-4668-BE54-9A1E7A4F7556}") = "RegExpressWPFNET", "RegExpressWPFNET\RegExpressWPFNET.csproj", "{1FC75DB1-75DB-43DE-A0F8-F61C8C01C06A}"
	ProjectSection(ProjectDependencies) = postProject
		{886C3F35-3EF7-4CC7-9274-244D45A1BA5A} = {886C3F35-3EF7-4CC7-9274-244D45A1BA5A}
	EndProjectSection
EndProject
Project("{9A19103F-16F7-4668-BE54-9A1E7A4F7556}") = "RegExpressLibrary", "RegExpressLibrary\RegExpressLibrary.csproj", "{6EA59B67-323A-438F-AA39-8FDFF40B91B1}"
EndProject
Project("{2150E333-8FDC-42A3-9474-1A3956D46DE8}") = "RegexEngines", "RegexEngines", "{91ED61CD-C8DA-4845-80E0-A892A0A80E14}"
EndProject
Project("{2150E333-8FDC-42A3-9474-1A3956D46DE8}") = "DotNETFramework4_8", "DotNETFramework4_8", "{BBE52FDE-20A4-4BBC-A830-ECFC8C1D224A}"
EndProject
Project("{9A19103F-16F7-4668-BE54-9A1E7A4F7556}") = "DotNETFrameworkPlugin", "RegexEngines\DotNETFramework4_8\DotNETFrameworkPlugin\DotNETFrameworkPlugin.csproj", "{E5747E4E-FF67-4677-8958-7258A1DBD034}"
EndProject
Project("{FAE04EC0-301F-11D3-BF4B-00C04F79EFBC}") = "DotNETFrameworkWorker", "RegexEngines\DotNETFramework4_8\DotNETFrameworkWorker\DotNETFrameworkWorker.csproj", "{4129F02D-F0EA-4235-A8E7-DDD591DAE7F6}"
EndProject
Project("{2150E333-8FDC-42A3-9474-1A3956D46DE8}") = "Std", "Std", "{004B6777-295A-469A-A243-F530BAB76E68}"
EndProject
Project("{9A19103F-16F7-4668-BE54-9A1E7A4F7556}") = "StdPlugin", "RegexEngines\Std\StdPlugin\StdPlugin.csproj", "{554445F3-E572-4567-A0B7-90C3522031E8}"
EndProject
Project("{8BC9CEB8-8B4A-11D0-8D11-00A0C91BC942}") = "StdWorker", "RegexEngines\Std\StdWorker\StdWorker.vcxproj", "{092CCEF1-3957-472D-B166-2F9CE8CFD534}"
EndProject
Project("{8BC9CEB8-8B4A-11D0-8D11-00A0C91BC942}") = "RegExpressCppLibrary", "RegExpressCppLibrary\RegExpressCppLibrary.vcxproj", "{0A96A479-5737-4D64-8F1A-2CC87CA675E2}"
EndProject
Project("{8BC9CEB8-8B4A-11D0-8D11-00A0C91BC942}") = "SolutionEvents", "SolutionEvents\SolutionEvents.vcxproj", "{886C3F35-3EF7-4CC7-9274-244D45A1BA5A}"
	ProjectSection(ProjectDependencies) = postProject
		{0822A476-EA00-4036-A308-BF470B6F83F8} = {0822A476-EA00-4036-A308-BF470B6F83F8}
		{092CCEF1-3957-472D-B166-2F9CE8CFD534} = {092CCEF1-3957-472D-B166-2F9CE8CFD534}
		{20C02C99-4E1E-4494-B222-6FF42FCD131F} = {20C02C99-4E1E-4494-B222-6FF42FCD131F}
		{21E036E6-459B-497F-8365-EC795000D990} = {21E036E6-459B-497F-8365-EC795000D990}
		{25E13377-C8E4-4538-9A12-6AD6F931517A} = {25E13377-C8E4-4538-9A12-6AD6F931517A}
		{285C37EE-E0EB-4B4D-B3BF-022BB8C705AF} = {285C37EE-E0EB-4B4D-B3BF-022BB8C705AF}
		{2D0502B5-8F7B-4FCC-864A-49BCF350B986} = {2D0502B5-8F7B-4FCC-864A-49BCF350B986}
		{2DC8DDA0-AFD5-46C3-825D-0055D385C792} = {2DC8DDA0-AFD5-46C3-825D-0055D385C792}
		{3888FF1F-608F-466A-B19A-8A1D22178172} = {3888FF1F-608F-466A-B19A-8A1D22178172}
		{4129F02D-F0EA-4235-A8E7-DDD591DAE7F6} = {4129F02D-F0EA-4235-A8E7-DDD591DAE7F6}
		{4DECB5E2-208B-4363-A1F7-A993211DF5C6} = {4DECB5E2-208B-4363-A1F7-A993211DF5C6}
		{52F3F32B-3D9F-436F-B12B-21BDA8FB87C8} = {52F3F32B-3D9F-436F-B12B-21BDA8FB87C8}
		{554445F3-E572-4567-A0B7-90C3522031E8} = {554445F3-E572-4567-A0B7-90C3522031E8}
		{5C838583-43C5-462F-976B-492386B786DB} = {5C838583-43C5-462F-976B-492386B786DB}
		{64424743-4228-4E17-85EC-AD8041D571C3} = {64424743-4228-4E17-85EC-AD8041D571C3}
		{72103A00-7717-4A74-97E7-A81FC222D4FF} = {72103A00-7717-4A74-97E7-A81FC222D4FF}
		{8C1119B6-650B-4E00-930F-717B9BDD48B7} = {8C1119B6-650B-4E00-930F-717B9BDD48B7}
		{8DFECE9A-8657-46F3-9EDA-C180FF5AF993} = {8DFECE9A-8657-46F3-9EDA-C180FF5AF993}
		{900263CC-F97D-43B5-AB54-1185B928B791} = {900263CC-F97D-43B5-AB54-1185B928B791}
		{A13FFB11-EB7D-4F3F-8F9D-D80F769502D0} = {A13FFB11-EB7D-4F3F-8F9D-D80F769502D0}
		{A6A8F505-2D4C-4DCE-91E2-E84152956DE8} = {A6A8F505-2D4C-4DCE-91E2-E84152956DE8}
		{A90CE607-A6D5-4BA3-92C0-944107A5441B} = {A90CE607-A6D5-4BA3-92C0-944107A5441B}
		{B34E75EF-A5E9-4512-83DA-E9596CEE05D5} = {B34E75EF-A5E9-4512-83DA-E9596CEE05D5}
		{C16DCFDA-02DA-4833-BAEB-5C3D956D9E81} = {C16DCFDA-02DA-4833-BAEB-5C3D956D9E81}
		{C3754506-E2B7-493A-9852-0E2B866A0A78} = {C3754506-E2B7-493A-9852-0E2B866A0A78}
		{E5747E4E-FF67-4677-8958-7258A1DBD034} = {E5747E4E-FF67-4677-8958-7258A1DBD034}
		{FABAB186-5FF6-4AC8-ADF2-37266DF8ECB1} = {FABAB186-5FF6-4AC8-ADF2-37266DF8ECB1}
		{FEF47D65-7C99-456D-A17B-E8C110199DA3} = {FEF47D65-7C99-456D-A17B-E8C110199DA3}
	EndProjectSection
EndProject
Project("{2150E333-8FDC-42A3-9474-1A3956D46DE8}") = "RE2", "RE2", "{237A868B-0057-4A16-927B-26B230ED20F0}"
EndProject
Project("{9A19103F-16F7-4668-BE54-9A1E7A4F7556}") = "RE2Plugin", "RegexEngines\RE2\RE2Plugin\RE2Plugin.csproj", "{20C02C99-4E1E-4494-B222-6FF42FCD131F}"
EndProject
Project("{8BC9CEB8-8B4A-11D0-8D11-00A0C91BC942}") = "RE2Worker", "RegexEngines\RE2\RE2Worker\RE2Worker.vcxproj", "{21E036E6-459B-497F-8365-EC795000D990}"
	ProjectSection(ProjectDependencies) = postProject
		{08949C31-F8A3-434A-8FE6-7DDCC6EF2AB6} = {08949C31-F8A3-434A-8FE6-7DDCC6EF2AB6}
		{2FC49C2B-368F-421E-A3F3-2DABF86FBCFB} = {2FC49C2B-368F-421E-A3F3-2DABF86FBCFB}
	EndProjectSection
EndProject
Project("{2150E333-8FDC-42A3-9474-1A3956D46DE8}") = "SubReg", "SubReg", "{9D41C503-9322-41D4-BACB-2B4FC83511B1}"
EndProject
Project("{8BC9CEB8-8B4A-11D0-8D11-00A0C91BC942}") = "SubRegWorker", "RegexEngines\SubReg\SubRegWorker\SubRegWorker.vcxproj", "{3888FF1F-608F-466A-B19A-8A1D22178172}"
EndProject
Project("{9A19103F-16F7-4668-BE54-9A1E7A4F7556}") = "SubRegPlugin", "RegexEngines\SubReg\SubRegPlugin\SubRegPlugin.csproj", "{0822A476-EA00-4036-A308-BF470B6F83F8}"
EndProject
Project("{2150E333-8FDC-42A3-9474-1A3956D46DE8}") = "PCRE2", "PCRE2", "{7D31FB02-A57F-4CD4-BC64-76B2EE1D6EC6}"
EndProject
Project("{8BC9CEB8-8B4A-11D0-8D11-00A0C91BC942}") = "PCRE2Worker", "RegexEngines\PCRE2\PCRE2Worker\PCRE2Worker.vcxproj", "{4DECB5E2-208B-4363-A1F7-A993211DF5C6}"
EndProject
Project("{9A19103F-16F7-4668-BE54-9A1E7A4F7556}") = "PCRE2Plugin", "RegexEngines\PCRE2\PCRE2Plugin\PCRE2Plugin.csproj", "{25E13377-C8E4-4538-9A12-6AD6F931517A}"
EndProject
Project("{2150E333-8FDC-42A3-9474-1A3956D46DE8}") = "Boost", "Boost", "{57224A01-1FDA-4978-90C6-7746E7F91EF6}"
EndProject
Project("{8BC9CEB8-8B4A-11D0-8D11-00A0C91BC942}") = "BoostWorker", "RegexEngines\Boost\BoostWorker\BoostWorker.vcxproj", "{2DC8DDA0-AFD5-46C3-825D-0055D385C792}"
EndProject
Project("{9A19103F-16F7-4668-BE54-9A1E7A4F7556}") = "BoostPlugin", "RegexEngines\Boost\BoostPlugin\BoostPlugin.csproj", "{C16DCFDA-02DA-4833-BAEB-5C3D956D9E81}"
EndProject
Project("{2150E333-8FDC-42A3-9474-1A3956D46DE8}") = "Oniguruma", "Oniguruma", "{1EDFF718-7B5B-4683-B9AA-2844A778F8FB}"
EndProject
Project("{8BC9CEB8-8B4A-11D0-8D11-00A0C91BC942}") = "OnigurumaWorker", "RegexEngines\Oniguruma\OnigurumaWorker\OnigurumaWorker.vcxproj", "{B34E75EF-A5E9-4512-83DA-E9596CEE05D5}"
EndProject
Project("{9A19103F-16F7-4668-BE54-9A1E7A4F7556}") = "OnigurumaPlugin", "RegexEngines\Oniguruma\OnigurumaPlugin\OnigurumaPlugin.csproj", "{5C838583-43C5-462F-976B-492386B786DB}"
EndProject
Project("{2150E333-8FDC-42A3-9474-1A3956D46DE8}") = "Solution Items", "Solution Items", "{34650736-6B83-4E66-A261-D012D0A62BCF}"
	ProjectSection(SolutionItems) = preProject
		..\README.md = ..\README.md
	EndProjectSection
EndProject
Project("{2150E333-8FDC-42A3-9474-1A3956D46DE8}") = "WebView2", "WebView2", "{DEE80AD8-9508-41BB-AA28-01890226DA3B}"
EndProject
Project("{8BC9CEB8-8B4A-11D0-8D11-00A0C91BC942}") = "WebView2Worker", "RegexEngines\WebView2\WebView2Worker\WebView2Worker.vcxproj", "{2D0502B5-8F7B-4FCC-864A-49BCF350B986}"
EndProject
Project("{9A19103F-16F7-4668-BE54-9A1E7A4F7556}") = "WebView2Plugin", "RegexEngines\WebView2\WebView2Plugin\WebView2Plugin.csproj", "{C3754506-E2B7-493A-9852-0E2B866A0A78}"
EndProject
Project("{2150E333-8FDC-42A3-9474-1A3956D46DE8}") = "VBScript", "VBScript", "{134FECB5-85AA-4867-9A61-7EB51662DAA7}"
EndProject
Project("{9A19103F-16F7-4668-BE54-9A1E7A4F7556}") = "VBScriptPlugin", "RegexEngines\VBScript\VBScriptPlugin\VBScriptPlugin.csproj", "{8DFECE9A-8657-46F3-9EDA-C180FF5AF993}"
EndProject
Project("{2150E333-8FDC-42A3-9474-1A3956D46DE8}") = "VBScriptWorker", "VBScriptWorker", "{7266A160-0D56-4F5C-BE52-35078F6751CA}"
	ProjectSection(SolutionItems) = preProject
		RegexEngines\VBScript\VBScriptWorker\VBScriptWorker.vbs = RegexEngines\VBScript\VBScriptWorker\VBScriptWorker.vbs
	EndProjectSection
EndProject
Project("{2150E333-8FDC-42A3-9474-1A3956D46DE8}") = "DotNET9", "DotNET9", "{0559DF01-DB5D-410F-9A20-CA04494BE301}"
EndProject
Project("{FAE04EC0-301F-11D3-BF4B-00C04F79EFBC}") = "DotNET9Plugin", "RegexEngines\DotNET9\DotNET9Plugin\DotNET9Plugin.csproj", "{8C1119B6-650B-4E00-930F-717B9BDD48B7}"
EndProject
Project("{FAE04EC0-301F-11D3-BF4B-00C04F79EFBC}") = "DotNET9Worker", "RegexEngines\DotNET9\DotNET9Worker\DotNET9Worker.csproj", "{285C37EE-E0EB-4B4D-B3BF-022BB8C705AF}"
EndProject
Project("{8BC9CEB8-8B4A-11D0-8D11-00A0C91BC942}") = "AbseilStaticLib", "RegexEngines\RE2\AbseilStaticLib\AbseilStaticLib.vcxproj", "{08949C31-F8A3-434A-8FE6-7DDCC6EF2AB6}"
EndProject
Project("{8BC9CEB8-8B4A-11D0-8D11-00A0C91BC942}") = "RE2StaticLib", "RegexEngines\RE2\RE2StaticLib\RE2StaticLib.vcxproj", "{2FC49C2B-368F-421E-A3F3-2DABF86FBCFB}"
	ProjectSection(ProjectDependencies) = postProject
		{08949C31-F8A3-434A-8FE6-7DDCC6EF2AB6} = {08949C31-F8A3-434A-8FE6-7DDCC6EF2AB6}
	EndProjectSection
EndProject
Project("{2150E333-8FDC-42A3-9474-1A3956D46DE8}") = "Hyperscan", "Hyperscan", "{CF8423F6-1FD8-47D9-A697-322149FE11CB}"
EndProject
Project("{FAE04EC0-301F-11D3-BF4B-00C04F79EFBC}") = "HyperscanPlugin", "RegexEngines\Hyperscan\HyperscanPlugin\HyperscanPlugin.csproj", "{A90CE607-A6D5-4BA3-92C0-944107A5441B}"
EndProject
Project("{8BC9CEB8-8B4A-11D0-8D11-00A0C91BC942}") = "HyperscanWorker", "RegexEngines\Hyperscan\HyperscanWorker\HyperscanWorker.vcxproj", "{FEF47D65-7C99-456D-A17B-E8C110199DA3}"
EndProject
Project("{2150E333-8FDC-42A3-9474-1A3956D46DE8}") = "ICU", "ICU", "{B1381530-E626-4B75-8270-221186103E09}"
EndProject
Project("{FAE04EC0-301F-11D3-BF4B-00C04F79EFBC}") = "ICUPlugin", "RegexEngines\ICU\ICUPlugin\ICUPlugin.csproj", "{72103A00-7717-4A74-97E7-A81FC222D4FF}"
EndProject
Project("{8BC9CEB8-8B4A-11D0-8D11-00A0C91BC942}") = "ICUWorker", "RegexEngines\ICU\ICUWorker\ICUWorker.vcxproj", "{A13FFB11-EB7D-4F3F-8F9D-D80F769502D0}"
EndProject
Project("{2150E333-8FDC-42A3-9474-1A3956D46DE8}") = "Rust", "Rust", "{A56C6FBD-A366-4A09-A4F8-1DC9C4049964}"
EndProject
Project("{FAE04EC0-301F-11D3-BF4B-00C04F79EFBC}") = "RustPlugin", "RegexEngines\Rust\RustPlugin\RustPlugin.csproj", "{A6A8F505-2D4C-4DCE-91E2-E84152956DE8}"
EndProject
Project("{2150E333-8FDC-42A3-9474-1A3956D46DE8}") = "Java", "Java", "{9058A154-A95F-4D48-835E-73B4F11B30F5}"
EndProject
Project("{FAE04EC0-301F-11D3-BF4B-00C04F79EFBC}") = "JavaPlugin", "RegexEngines\Java\JavaPlugin\JavaPlugin.csproj", "{FABAB186-5FF6-4AC8-ADF2-37266DF8ECB1}"
EndProject
Project("{2150E333-8FDC-42A3-9474-1A3956D46DE8}") = "Python", "Python", "{35E43607-34BC-43AF-AF9A-D5517D7AC7A3}"
EndProject
Project("{FAE04EC0-301F-11D3-BF4B-00C04F79EFBC}") = "PythonPlugin", "RegexEngines\Python\PythonPlugin\PythonPlugin.csproj", "{900263CC-F97D-43B5-AB54-1185B928B791}"
EndProject
Project("{2150E333-8FDC-42A3-9474-1A3956D46DE8}") = "D", "D", "{712065C9-3812-42E7-9FC2-2B5606AEF98E}"
EndProject
Project("{FAE04EC0-301F-11D3-BF4B-00C04F79EFBC}") = "DPlugin", "RegexEngines\D\DPlugin\DPlugin.csproj", "{64424743-4228-4E17-85EC-AD8041D571C3}"
EndProject
Project("{2150E333-8FDC-42A3-9474-1A3956D46DE8}") = "Perl", "Perl", "{BC61866D-69AE-4030-A109-F9E3FFCCEF3E}"
EndProject
Project("{FAE04EC0-301F-11D3-BF4B-00C04F79EFBC}") = "PerlPlugin", "RegexEngines\Perl\PerlPlugin\PerlPlugin.csproj", "{52F3F32B-3D9F-436F-B12B-21BDA8FB87C8}"
EndProject
Global
	GlobalSection(SolutionConfigurationPlatforms) = preSolution
		Debug|x64 = Debug|x64
		Release|x64 = Release|x64
	EndGlobalSection
	GlobalSection(ProjectConfigurationPlatforms) = postSolution
		{1FC75DB1-75DB-43DE-A0F8-F61C8C01C06A}.Debug|x64.ActiveCfg = Debug|Any CPU
		{1FC75DB1-75DB-43DE-A0F8-F61C8C01C06A}.Debug|x64.Build.0 = Debug|Any CPU
		{1FC75DB1-75DB-43DE-A0F8-F61C8C01C06A}.Release|x64.ActiveCfg = Release|Any CPU
		{1FC75DB1-75DB-43DE-A0F8-F61C8C01C06A}.Release|x64.Build.0 = Release|Any CPU
		{6EA59B67-323A-438F-AA39-8FDFF40B91B1}.Debug|x64.ActiveCfg = Debug|Any CPU
		{6EA59B67-323A-438F-AA39-8FDFF40B91B1}.Debug|x64.Build.0 = Debug|Any CPU
		{6EA59B67-323A-438F-AA39-8FDFF40B91B1}.Release|x64.ActiveCfg = Release|Any CPU
		{6EA59B67-323A-438F-AA39-8FDFF40B91B1}.Release|x64.Build.0 = Release|Any CPU
		{E5747E4E-FF67-4677-8958-7258A1DBD034}.Debug|x64.ActiveCfg = Debug|Any CPU
		{E5747E4E-FF67-4677-8958-7258A1DBD034}.Debug|x64.Build.0 = Debug|Any CPU
		{E5747E4E-FF67-4677-8958-7258A1DBD034}.Release|x64.ActiveCfg = Release|Any CPU
		{E5747E4E-FF67-4677-8958-7258A1DBD034}.Release|x64.Build.0 = Release|Any CPU
		{4129F02D-F0EA-4235-A8E7-DDD591DAE7F6}.Debug|x64.ActiveCfg = Debug|Any CPU
		{4129F02D-F0EA-4235-A8E7-DDD591DAE7F6}.Debug|x64.Build.0 = Debug|Any CPU
		{4129F02D-F0EA-4235-A8E7-DDD591DAE7F6}.Release|x64.ActiveCfg = Release|Any CPU
		{4129F02D-F0EA-4235-A8E7-DDD591DAE7F6}.Release|x64.Build.0 = Release|Any CPU
		{554445F3-E572-4567-A0B7-90C3522031E8}.Debug|x64.ActiveCfg = Debug|Any CPU
		{554445F3-E572-4567-A0B7-90C3522031E8}.Debug|x64.Build.0 = Debug|Any CPU
		{554445F3-E572-4567-A0B7-90C3522031E8}.Release|x64.ActiveCfg = Release|Any CPU
		{554445F3-E572-4567-A0B7-90C3522031E8}.Release|x64.Build.0 = Release|Any CPU
		{092CCEF1-3957-472D-B166-2F9CE8CFD534}.Debug|x64.ActiveCfg = Debug|x64
		{092CCEF1-3957-472D-B166-2F9CE8CFD534}.Debug|x64.Build.0 = Debug|x64
		{092CCEF1-3957-472D-B166-2F9CE8CFD534}.Release|x64.ActiveCfg = Release|x64
		{092CCEF1-3957-472D-B166-2F9CE8CFD534}.Release|x64.Build.0 = Release|x64
		{0A96A479-5737-4D64-8F1A-2CC87CA675E2}.Debug|x64.ActiveCfg = Debug|x64
		{0A96A479-5737-4D64-8F1A-2CC87CA675E2}.Debug|x64.Build.0 = Debug|x64
		{0A96A479-5737-4D64-8F1A-2CC87CA675E2}.Release|x64.ActiveCfg = Release|x64
		{0A96A479-5737-4D64-8F1A-2CC87CA675E2}.Release|x64.Build.0 = Release|x64
		{886C3F35-3EF7-4CC7-9274-244D45A1BA5A}.Debug|x64.ActiveCfg = Debug|x64
		{886C3F35-3EF7-4CC7-9274-244D45A1BA5A}.Debug|x64.Build.0 = Debug|x64
		{886C3F35-3EF7-4CC7-9274-244D45A1BA5A}.Release|x64.ActiveCfg = Release|x64
		{886C3F35-3EF7-4CC7-9274-244D45A1BA5A}.Release|x64.Build.0 = Release|x64
		{20C02C99-4E1E-4494-B222-6FF42FCD131F}.Debug|x64.ActiveCfg = Debug|Any CPU
		{20C02C99-4E1E-4494-B222-6FF42FCD131F}.Debug|x64.Build.0 = Debug|Any CPU
		{20C02C99-4E1E-4494-B222-6FF42FCD131F}.Release|x64.ActiveCfg = Release|Any CPU
		{20C02C99-4E1E-4494-B222-6FF42FCD131F}.Release|x64.Build.0 = Release|Any CPU
		{21E036E6-459B-497F-8365-EC795000D990}.Debug|x64.ActiveCfg = Debug|x64
		{21E036E6-459B-497F-8365-EC795000D990}.Debug|x64.Build.0 = Debug|x64
		{21E036E6-459B-497F-8365-EC795000D990}.Release|x64.ActiveCfg = Release|x64
		{21E036E6-459B-497F-8365-EC795000D990}.Release|x64.Build.0 = Release|x64
		{3888FF1F-608F-466A-B19A-8A1D22178172}.Debug|x64.ActiveCfg = Debug|x64
		{3888FF1F-608F-466A-B19A-8A1D22178172}.Debug|x64.Build.0 = Debug|x64
		{3888FF1F-608F-466A-B19A-8A1D22178172}.Release|x64.ActiveCfg = Release|x64
		{3888FF1F-608F-466A-B19A-8A1D22178172}.Release|x64.Build.0 = Release|x64
		{0822A476-EA00-4036-A308-BF470B6F83F8}.Debug|x64.ActiveCfg = Debug|Any CPU
		{0822A476-EA00-4036-A308-BF470B6F83F8}.Debug|x64.Build.0 = Debug|Any CPU
		{0822A476-EA00-4036-A308-BF470B6F83F8}.Release|x64.ActiveCfg = Release|Any CPU
		{0822A476-EA00-4036-A308-BF470B6F83F8}.Release|x64.Build.0 = Release|Any CPU
		{4DECB5E2-208B-4363-A1F7-A993211DF5C6}.Debug|x64.ActiveCfg = Debug|x64
		{4DECB5E2-208B-4363-A1F7-A993211DF5C6}.Debug|x64.Build.0 = Debug|x64
		{4DECB5E2-208B-4363-A1F7-A993211DF5C6}.Release|x64.ActiveCfg = Release|x64
		{4DECB5E2-208B-4363-A1F7-A993211DF5C6}.Release|x64.Build.0 = Release|x64
		{25E13377-C8E4-4538-9A12-6AD6F931517A}.Debug|x64.ActiveCfg = Debug|Any CPU
		{25E13377-C8E4-4538-9A12-6AD6F931517A}.Debug|x64.Build.0 = Debug|Any CPU
		{25E13377-C8E4-4538-9A12-6AD6F931517A}.Release|x64.ActiveCfg = Release|Any CPU
		{25E13377-C8E4-4538-9A12-6AD6F931517A}.Release|x64.Build.0 = Release|Any CPU
		{2DC8DDA0-AFD5-46C3-825D-0055D385C792}.Debug|x64.ActiveCfg = Debug|x64
		{2DC8DDA0-AFD5-46C3-825D-0055D385C792}.Debug|x64.Build.0 = Debug|x64
		{2DC8DDA0-AFD5-46C3-825D-0055D385C792}.Release|x64.ActiveCfg = Release|x64
		{2DC8DDA0-AFD5-46C3-825D-0055D385C792}.Release|x64.Build.0 = Release|x64
		{C16DCFDA-02DA-4833-BAEB-5C3D956D9E81}.Debug|x64.ActiveCfg = Debug|Any CPU
		{C16DCFDA-02DA-4833-BAEB-5C3D956D9E81}.Debug|x64.Build.0 = Debug|Any CPU
		{C16DCFDA-02DA-4833-BAEB-5C3D956D9E81}.Release|x64.ActiveCfg = Release|Any CPU
		{C16DCFDA-02DA-4833-BAEB-5C3D956D9E81}.Release|x64.Build.0 = Release|Any CPU
		{B34E75EF-A5E9-4512-83DA-E9596CEE05D5}.Debug|x64.ActiveCfg = Debug|x64
		{B34E75EF-A5E9-4512-83DA-E9596CEE05D5}.Debug|x64.Build.0 = Debug|x64
		{B34E75EF-A5E9-4512-83DA-E9596CEE05D5}.Release|x64.ActiveCfg = Release|x64
		{B34E75EF-A5E9-4512-83DA-E9596CEE05D5}.Release|x64.Build.0 = Release|x64
		{5C838583-43C5-462F-976B-492386B786DB}.Debug|x64.ActiveCfg = Debug|Any CPU
		{5C838583-43C5-462F-976B-492386B786DB}.Debug|x64.Build.0 = Debug|Any CPU
		{5C838583-43C5-462F-976B-492386B786DB}.Release|x64.ActiveCfg = Release|Any CPU
		{5C838583-43C5-462F-976B-492386B786DB}.Release|x64.Build.0 = Release|Any CPU
		{2D0502B5-8F7B-4FCC-864A-49BCF350B986}.Debug|x64.ActiveCfg = Debug|x64
		{2D0502B5-8F7B-4FCC-864A-49BCF350B986}.Debug|x64.Build.0 = Debug|x64
		{2D0502B5-8F7B-4FCC-864A-49BCF350B986}.Release|x64.ActiveCfg = Release|x64
		{2D0502B5-8F7B-4FCC-864A-49BCF350B986}.Release|x64.Build.0 = Release|x64
		{C3754506-E2B7-493A-9852-0E2B866A0A78}.Debug|x64.ActiveCfg = Debug|Any CPU
		{C3754506-E2B7-493A-9852-0E2B866A0A78}.Debug|x64.Build.0 = Debug|Any CPU
		{C3754506-E2B7-493A-9852-0E2B866A0A78}.Release|x64.ActiveCfg = Release|Any CPU
		{C3754506-E2B7-493A-9852-0E2B866A0A78}.Release|x64.Build.0 = Release|Any CPU
		{8DFECE9A-8657-46F3-9EDA-C180FF5AF993}.Debug|x64.ActiveCfg = Debug|Any CPU
		{8DFECE9A-8657-46F3-9EDA-C180FF5AF993}.Debug|x64.Build.0 = Debug|Any CPU
		{8DFECE9A-8657-46F3-9EDA-C180FF5AF993}.Release|x64.ActiveCfg = Release|Any CPU
		{8DFECE9A-8657-46F3-9EDA-C180FF5AF993}.Release|x64.Build.0 = Release|Any CPU
		{8C1119B6-650B-4E00-930F-717B9BDD48B7}.Debug|x64.ActiveCfg = Debug|Any CPU
		{8C1119B6-650B-4E00-930F-717B9BDD48B7}.Debug|x64.Build.0 = Debug|Any CPU
		{8C1119B6-650B-4E00-930F-717B9BDD48B7}.Release|x64.ActiveCfg = Release|Any CPU
		{8C1119B6-650B-4E00-930F-717B9BDD48B7}.Release|x64.Build.0 = Release|Any CPU
		{285C37EE-E0EB-4B4D-B3BF-022BB8C705AF}.Debug|x64.ActiveCfg = Debug|Any CPU
		{285C37EE-E0EB-4B4D-B3BF-022BB8C705AF}.Debug|x64.Build.0 = Debug|Any CPU
		{285C37EE-E0EB-4B4D-B3BF-022BB8C705AF}.Release|x64.ActiveCfg = Release|Any CPU
		{285C37EE-E0EB-4B4D-B3BF-022BB8C705AF}.Release|x64.Build.0 = Release|Any CPU
		{08949C31-F8A3-434A-8FE6-7DDCC6EF2AB6}.Debug|x64.ActiveCfg = Debug|x64
		{08949C31-F8A3-434A-8FE6-7DDCC6EF2AB6}.Debug|x64.Build.0 = Debug|x64
		{08949C31-F8A3-434A-8FE6-7DDCC6EF2AB6}.Release|x64.ActiveCfg = Release|x64
		{08949C31-F8A3-434A-8FE6-7DDCC6EF2AB6}.Release|x64.Build.0 = Release|x64
		{2FC49C2B-368F-421E-A3F3-2DABF86FBCFB}.Debug|x64.ActiveCfg = Debug|x64
		{2FC49C2B-368F-421E-A3F3-2DABF86FBCFB}.Debug|x64.Build.0 = Debug|x64
		{2FC49C2B-368F-421E-A3F3-2DABF86FBCFB}.Release|x64.ActiveCfg = Release|x64
		{2FC49C2B-368F-421E-A3F3-2DABF86FBCFB}.Release|x64.Build.0 = Release|x64
		{A90CE607-A6D5-4BA3-92C0-944107A5441B}.Debug|x64.ActiveCfg = Debug|Any CPU
		{A90CE607-A6D5-4BA3-92C0-944107A5441B}.Debug|x64.Build.0 = Debug|Any CPU
		{A90CE607-A6D5-4BA3-92C0-944107A5441B}.Release|x64.ActiveCfg = Release|Any CPU
		{A90CE607-A6D5-4BA3-92C0-944107A5441B}.Release|x64.Build.0 = Release|Any CPU
		{FEF47D65-7C99-456D-A17B-E8C110199DA3}.Debug|x64.ActiveCfg = Debug|x64
		{FEF47D65-7C99-456D-A17B-E8C110199DA3}.Debug|x64.Build.0 = Debug|x64
		{FEF47D65-7C99-456D-A17B-E8C110199DA3}.Release|x64.ActiveCfg = Release|x64
		{FEF47D65-7C99-456D-A17B-E8C110199DA3}.Release|x64.Build.0 = Release|x64
		{72103A00-7717-4A74-97E7-A81FC222D4FF}.Debug|x64.ActiveCfg = Debug|Any CPU
		{72103A00-7717-4A74-97E7-A81FC222D4FF}.Debug|x64.Build.0 = Debug|Any CPU
		{72103A00-7717-4A74-97E7-A81FC222D4FF}.Release|x64.ActiveCfg = Release|Any CPU
		{72103A00-7717-4A74-97E7-A81FC222D4FF}.Release|x64.Build.0 = Release|Any CPU
		{A13FFB11-EB7D-4F3F-8F9D-D80F769502D0}.Debug|x64.ActiveCfg = Debug|x64
		{A13FFB11-EB7D-4F3F-8F9D-D80F769502D0}.Debug|x64.Build.0 = Debug|x64
		{A13FFB11-EB7D-4F3F-8F9D-D80F769502D0}.Release|x64.ActiveCfg = Release|x64
		{A13FFB11-EB7D-4F3F-8F9D-D80F769502D0}.Release|x64.Build.0 = Release|x64
		{A6A8F505-2D4C-4DCE-91E2-E84152956DE8}.Debug|x64.ActiveCfg = Debug|Any CPU
		{A6A8F505-2D4C-4DCE-91E2-E84152956DE8}.Debug|x64.Build.0 = Debug|Any CPU
		{A6A8F505-2D4C-4DCE-91E2-E84152956DE8}.Release|x64.ActiveCfg = Release|Any CPU
		{A6A8F505-2D4C-4DCE-91E2-E84152956DE8}.Release|x64.Build.0 = Release|Any CPU
		{FABAB186-5FF6-4AC8-ADF2-37266DF8ECB1}.Debug|x64.ActiveCfg = Debug|Any CPU
		{FABAB186-5FF6-4AC8-ADF2-37266DF8ECB1}.Debug|x64.Build.0 = Debug|Any CPU
		{FABAB186-5FF6-4AC8-ADF2-37266DF8ECB1}.Release|x64.ActiveCfg = Release|Any CPU
		{FABAB186-5FF6-4AC8-ADF2-37266DF8ECB1}.Release|x64.Build.0 = Release|Any CPU
		{900263CC-F97D-43B5-AB54-1185B928B791}.Debug|x64.ActiveCfg = Debug|Any CPU
		{900263CC-F97D-43B5-AB54-1185B928B791}.Debug|x64.Build.0 = Debug|Any CPU
		{900263CC-F97D-43B5-AB54-1185B928B791}.Release|x64.ActiveCfg = Release|Any CPU
		{900263CC-F97D-43B5-AB54-1185B928B791}.Release|x64.Build.0 = Release|Any CPU
		{64424743-4228-4E17-85EC-AD8041D571C3}.Debug|x64.ActiveCfg = Debug|Any CPU
		{64424743-4228-4E17-85EC-AD8041D571C3}.Debug|x64.Build.0 = Debug|Any CPU
		{64424743-4228-4E17-85EC-AD8041D571C3}.Release|x64.ActiveCfg = Release|Any CPU
		{64424743-4228-4E17-85EC-AD8041D571C3}.Release|x64.Build.0 = Release|Any CPU
		{52F3F32B-3D9F-436F-B12B-21BDA8FB87C8}.Debug|x64.ActiveCfg = Debug|Any CPU
		{52F3F32B-3D9F-436F-B12B-21BDA8FB87C8}.Debug|x64.Build.0 = Debug|Any CPU
		{52F3F32B-3D9F-436F-B12B-21BDA8FB87C8}.Release|x64.ActiveCfg = Release|Any CPU
		{52F3F32B-3D9F-436F-B12B-21BDA8FB87C8}.Release|x64.Build.0 = Release|Any CPU
	EndGlobalSection
	GlobalSection(SolutionProperties) = preSolution
		HideSolutionNode = FALSE
	EndGlobalSection
	GlobalSection(NestedProjects) = preSolution
		{BBE52FDE-20A4-4BBC-A830-ECFC8C1D224A} = {91ED61CD-C8DA-4845-80E0-A892A0A80E14}
		{E5747E4E-FF67-4677-8958-7258A1DBD034} = {BBE52FDE-20A4-4BBC-A830-ECFC8C1D224A}
		{4129F02D-F0EA-4235-A8E7-DDD591DAE7F6} = {BBE52FDE-20A4-4BBC-A830-ECFC8C1D224A}
		{004B6777-295A-469A-A243-F530BAB76E68} = {91ED61CD-C8DA-4845-80E0-A892A0A80E14}
		{554445F3-E572-4567-A0B7-90C3522031E8} = {004B6777-295A-469A-A243-F530BAB76E68}
		{092CCEF1-3957-472D-B166-2F9CE8CFD534} = {004B6777-295A-469A-A243-F530BAB76E68}
		{237A868B-0057-4A16-927B-26B230ED20F0} = {91ED61CD-C8DA-4845-80E0-A892A0A80E14}
		{20C02C99-4E1E-4494-B222-6FF42FCD131F} = {237A868B-0057-4A16-927B-26B230ED20F0}
		{21E036E6-459B-497F-8365-EC795000D990} = {237A868B-0057-4A16-927B-26B230ED20F0}
		{9D41C503-9322-41D4-BACB-2B4FC83511B1} = {91ED61CD-C8DA-4845-80E0-A892A0A80E14}
		{3888FF1F-608F-466A-B19A-8A1D22178172} = {9D41C503-9322-41D4-BACB-2B4FC83511B1}
		{0822A476-EA00-4036-A308-BF470B6F83F8} = {9D41C503-9322-41D4-BACB-2B4FC83511B1}
		{7D31FB02-A57F-4CD4-BC64-76B2EE1D6EC6} = {91ED61CD-C8DA-4845-80E0-A892A0A80E14}
		{4DECB5E2-208B-4363-A1F7-A993211DF5C6} = {7D31FB02-A57F-4CD4-BC64-76B2EE1D6EC6}
		{25E13377-C8E4-4538-9A12-6AD6F931517A} = {7D31FB02-A57F-4CD4-BC64-76B2EE1D6EC6}
		{57224A01-1FDA-4978-90C6-7746E7F91EF6} = {91ED61CD-C8DA-4845-80E0-A892A0A80E14}
		{2DC8DDA0-AFD5-46C3-825D-0055D385C792} = {57224A01-1FDA-4978-90C6-7746E7F91EF6}
		{C16DCFDA-02DA-4833-BAEB-5C3D956D9E81} = {57224A01-1FDA-4978-90C6-7746E7F91EF6}
		{1EDFF718-7B5B-4683-B9AA-2844A778F8FB} = {91ED61CD-C8DA-4845-80E0-A892A0A80E14}
		{B34E75EF-A5E9-4512-83DA-E9596CEE05D5} = {1EDFF718-7B5B-4683-B9AA-2844A778F8FB}
		{5C838583-43C5-462F-976B-492386B786DB} = {1EDFF718-7B5B-4683-B9AA-2844A778F8FB}
		{DEE80AD8-9508-41BB-AA28-01890226DA3B} = {91ED61CD-C8DA-4845-80E0-A892A0A80E14}
		{2D0502B5-8F7B-4FCC-864A-49BCF350B986} = {DEE80AD8-9508-41BB-AA28-01890226DA3B}
		{C3754506-E2B7-493A-9852-0E2B866A0A78} = {DEE80AD8-9508-41BB-AA28-01890226DA3B}
		{134FECB5-85AA-4867-9A61-7EB51662DAA7} = {91ED61CD-C8DA-4845-80E0-A892A0A80E14}
		{8DFECE9A-8657-46F3-9EDA-C180FF5AF993} = {134FECB5-85AA-4867-9A61-7EB51662DAA7}
		{7266A160-0D56-4F5C-BE52-35078F6751CA} = {134FECB5-85AA-4867-9A61-7EB51662DAA7}
		{0559DF01-DB5D-410F-9A20-CA04494BE301} = {91ED61CD-C8DA-4845-80E0-A892A0A80E14}
		{8C1119B6-650B-4E00-930F-717B9BDD48B7} = {0559DF01-DB5D-410F-9A20-CA04494BE301}
		{285C37EE-E0EB-4B4D-B3BF-022BB8C705AF} = {0559DF01-DB5D-410F-9A20-CA04494BE301}
		{08949C31-F8A3-434A-8FE6-7DDCC6EF2AB6} = {237A868B-0057-4A16-927B-26B230ED20F0}
		{2FC49C2B-368F-421E-A3F3-2DABF86FBCFB} = {237A868B-0057-4A16-927B-26B230ED20F0}
		{CF8423F6-1FD8-47D9-A697-322149FE11CB} = {91ED61CD-C8DA-4845-80E0-A892A0A80E14}
		{A90CE607-A6D5-4BA3-92C0-944107A5441B} = {CF8423F6-1FD8-47D9-A697-322149FE11CB}
		{FEF47D65-7C99-456D-A17B-E8C110199DA3} = {CF8423F6-1FD8-47D9-A697-322149FE11CB}
		{B1381530-E626-4B75-8270-221186103E09} = {91ED61CD-C8DA-4845-80E0-A892A0A80E14}
		{72103A00-7717-4A74-97E7-A81FC222D4FF} = {B1381530-E626-4B75-8270-221186103E09}
		{A13FFB11-EB7D-4F3F-8F9D-D80F769502D0} = {B1381530-E626-4B75-8270-221186103E09}
		{A56C6FBD-A366-4A09-A4F8-1DC9C4049964} = {91ED61CD-C8DA-4845-80E0-A892A0A80E14}
		{A6A8F505-2D4C-4DCE-91E2-E84152956DE8} = {A56C6FBD-A366-4A09-A4F8-1DC9C4049964}
		{9058A154-A95F-4D48-835E-73B4F11B30F5} = {91ED61CD-C8DA-4845-80E0-A892A0A80E14}
		{FABAB186-5FF6-4AC8-ADF2-37266DF8ECB1} = {9058A154-A95F-4D48-835E-73B4F11B30F5}
		{35E43607-34BC-43AF-AF9A-D5517D7AC7A3} = {91ED61CD-C8DA-4845-80E0-A892A0A80E14}
		{900263CC-F97D-43B5-AB54-1185B928B791} = {35E43607-34BC-43AF-AF9A-D5517D7AC7A3}
		{712065C9-3812-42E7-9FC2-2B5606AEF98E} = {91ED61CD-C8DA-4845-80E0-A892A0A80E14}
		{64424743-4228-4E17-85EC-AD8041D571C3} = {712065C9-3812-42E7-9FC2-2B5606AEF98E}
		{BC61866D-69AE-4030-A109-F9E3FFCCEF3E} = {91ED61CD-C8DA-4845-80E0-A892A0A80E14}
		{52F3F32B-3D9F-436F-B12B-21BDA8FB87C8} = {BC61866D-69AE-4030-A109-F9E3FFCCEF3E}
	EndGlobalSection
	GlobalSection(ExtensibilityGlobals) = postSolution
		                                                                SolutionGuid = {7CA7DF49-7C29-43E0-8CCF-A57AE8197508}
		                                                                                                                SolutionGuid = {470781F3-C4B3-4F30-8880-319AEAD13AFE}
		                                                                                                                                SolutionGuid = {6FBF80B0-D822-4ADB-80F5-E1166CF987C5}
		                                                                                                                                                                                                                SolutionGuid = {2EA46475-3CEB-45D5-AAE9-525FCE04340B}
		                                                                                                                                                                                SolutionGuid = {E9D3D84A-8875-4CC9-9AD2-81298DE7ECEB}
		                                                                                                                                                                SolutionGuid = {61D058A2-B4A0-4779-9C73-27CFEBE9BF66}
		                                                                                                                                                SolutionGuid = {6A4D0C5C-3CCE-4AC5-8106-6AB052CFFED9}
		                                                                                SolutionGuid = {D9183121-E1C4-4C5D-A2AA-D59E0370107C}
		SolutionGuid = {D4A4FF06-F6FF-4698-9A59-457965BC3C1D}
	EndGlobalSection
EndGlobal
