github.com/dlclark/regexp2/v2 v2.1.1 h1:LCUGyd9Wf+r+VVOl8Ny38JTpWJcAsdVnCIuhhtthmKw=
github.com/dlclark/regexp2/v2 v2.1.1/go.mod h1:avUrQvPaLz2DrFNHJF0taWAFFX2C1GMSSoeiqFjcBmU=
github.com/dlclark/regexp2/v2 v2.1.2 h1:RJjAeD/h91npDhTG4rMD4+gzGVnLT32qQy/q/ECbyUs=
github.com/dlclark/regexp2/v2 v2.1.2/go.mod h1:avUrQvPaLz2DrFNHJF0taWAFFX2C1GMSSoeiqFjcBmU=
github.com/himclix/rexa v0.1.0 h1:ighapR7nD03IHI8mS85YrtTTBHxrAQ4FeQe3O7fNxoo=
github.com/himclix/rexa v0.1.0/go.mod h1:1dmMQmTGRizQe3v+L32+x+kkLlk4+jD7vt69XOA2Fxk=
