<?xml version="1.0" encoding="utf-8"?>
<Project ToolsVersion="4.0" xmlns="http://schemas.microsoft.com/developer/msbuild/2003">
  <ItemGroup>
    <Filter Include="Source Files">
      <UniqueIdentifier>{4FC737F1-C7A5-4376-A066-2A32D752A2FF}</UniqueIdentifier>
      <Extensions>cpp;c;cc;cxx;c++;cppm;ixx;def;odl;idl;hpj;bat;asm;asmx</Extensions>
    </Filter>
    <Filter Include="Header Files">
      <UniqueIdentifier>{93995380-89BD-4b04-88EB-625FBE52EBFB}</UniqueIdentifier>
      <Extensions>h;hh;hpp;hxx;h++;hm;inl;inc;ipp;xsd</Extensions>
    </Filter>
    <Filter Include="Resource Files">
      <UniqueIdentifier>{67DA6AB6-F800-4c08-8B7A-83BB121AAD01}</UniqueIdentifier>
      <Extensions>rc;ico;cur;bmp;dlg;rc2;rct;bin;rgs;gif;jpg;jpeg;jpe;resx;tiff;tif;png;wav;mfcribbon-ms</Extensions>
    </Filter>
    <Filter Include="PCRE2">
      <UniqueIdentifier>{424ff361-aab8-4920-957a-503da425ee1d}</UniqueIdentifier>
    </Filter>
  </ItemGroup>
  <ItemGroup>
    <ClCompile Include="Worker.cpp">
      <Filter>Source Files</Filter>
    </ClCompile>
    <ClCompile Include="pch.cpp">
      <Filter>Source Files</Filter>
    </ClCompile>
    <ClCompile Include="PCRE2-min\src\pcre2_auto_possess.c">
      <Filter>PCRE2</Filter>
    </ClCompile>
    <ClCompile Include="PCRE2-min\src\pcre2_compile.c">
      <Filter>PCRE2</Filter>
    </ClCompile>
    <ClCompile Include="PCRE2-min\src\pcre2_config.c">
      <Filter>PCRE2</Filter>
    </ClCompile>
    <ClCompile Include="PCRE2-min\src\pcre2_context.c">
      <Filter>PCRE2</Filter>
    </ClCompile>
    <ClCompile Include="PCRE2-min\src\pcre2_convert.c">
      <Filter>PCRE2</Filter>
    </ClCompile>
    <ClCompile Include="PCRE2-min\src\pcre2_dfa_match.c">
      <Filter>PCRE2</Filter>
    </ClCompile>
    <ClCompile Include="PCRE2-min\src\pcre2_dftables.c">
      <Filter>PCRE2</Filter>
    </ClCompile>
    <ClCompile Include="PCRE2-min\src\pcre2_error.c">
      <Filter>PCRE2</Filter>
    </ClCompile>
    <ClCompile Include="PCRE2-min\src\pcre2_extuni.c">
      <Filter>PCRE2</Filter>
    </ClCompile>
    <ClCompile Include="PCRE2-min\src\pcre2_find_bracket.c">
      <Filter>PCRE2</Filter>
    </ClCompile>
    <ClCompile Include="PCRE2-min\src\pcre2_fuzzsupport.c">
      <Filter>PCRE2</Filter>
    </ClCompile>
    <ClCompile Include="PCRE2-min\src\pcre2_jit_compile.c">
      <Filter>PCRE2</Filter>
    </ClCompile>
    <ClCompile Include="PCRE2-min\src\pcre2_jit_match.c">
      <Filter>PCRE2</Filter>
    </ClCompile>
    <ClCompile Include="PCRE2-min\src\pcre2_jit_misc.c">
      <Filter>PCRE2</Filter>
    </ClCompile>
    <ClCompile Include="PCRE2-min\src\pcre2_jit_test.c">
      <Filter>PCRE2</Filter>
    </ClCompile>
    <ClCompile Include="PCRE2-min\src\pcre2_maketables.c">
      <Filter>PCRE2</Filter>
    </ClCompile>
    <ClCompile Include="PCRE2-min\src\pcre2_match.c">
      <Filter>PCRE2</Filter>
    </ClCompile>
    <ClCompile Include="PCRE2-min\src\pcre2_match_data.c">
      <Filter>PCRE2</Filter>
    </ClCompile>
    <ClCompile Include="PCRE2-min\src\pcre2_newline.c">
      <Filter>PCRE2</Filter>
    </ClCompile>
    <ClCompile Include="PCRE2-min\src\pcre2_ord2utf.c">
      <Filter>PCRE2</Filter>
    </ClCompile>
    <ClCompile Include="PCRE2-min\src\pcre2_pattern_info.c">
      <Filter>PCRE2</Filter>
    </ClCompile>
    <ClCompile Include="PCRE2-min\src\pcre2_printint.c">
      <Filter>PCRE2</Filter>
    </ClCompile>
    <ClCompile Include="PCRE2-min\src\pcre2_script_run.c">
      <Filter>PCRE2</Filter>
    </ClCompile>
    <ClCompile Include="PCRE2-min\src\pcre2_serialize.c">
      <Filter>PCRE2</Filter>
    </ClCompile>
    <ClCompile Include="PCRE2-min\src\pcre2_string_utils.c">
      <Filter>PCRE2</Filter>
    </ClCompile>
    <ClCompile Include="PCRE2-min\src\pcre2_study.c">
      <Filter>PCRE2</Filter>
    </ClCompile>
    <ClCompile Include="PCRE2-min\src\pcre2_substitute.c">
      <Filter>PCRE2</Filter>
    </ClCompile>
    <ClCompile Include="PCRE2-min\src\pcre2_substring.c">
      <Filter>PCRE2</Filter>
    </ClCompile>
    <ClCompile Include="PCRE2-min\src\pcre2_tables.c">
      <Filter>PCRE2</Filter>
    </ClCompile>
    <ClCompile Include="PCRE2-min\src\pcre2_ucd.c">
      <Filter>PCRE2</Filter>
    </ClCompile>
    <ClCompile Include="PCRE2-min\src\pcre2_ucptables.c">
      <Filter>PCRE2</Filter>
    </ClCompile>
    <ClCompile Include="PCRE2-min\src\pcre2_valid_utf.c">
      <Filter>PCRE2</Filter>
    </ClCompile>
    <ClCompile Include="PCRE2-min\src\pcre2_xclass.c">
      <Filter>PCRE2</Filter>
    </ClCompile>
    <ClCompile Include="PCRE2-min\src\pcre2grep.c">
      <Filter>PCRE2</Filter>
    </ClCompile>
    <ClCompile Include="PCRE2-min\src\pcre2posix.c">
      <Filter>PCRE2</Filter>
    </ClCompile>
    <ClCompile Include="PCRE2-min\src\pcre2test.c">
      <Filter>PCRE2</Filter>
    </ClCompile>
    <ClCompile Include="PCRE2-min\src\pcre2_chkdint.c">
      <Filter>PCRE2</Filter>
    </ClCompile>
    <ClCompile Include="PCRE2-min\src\pcre2_chartables.c">
      <Filter>PCRE2</Filter>
    </ClCompile>
    <ClCompile Include="PCRE2-min\src\pcre2demo.c">
      <Filter>PCRE2</Filter>
    </ClCompile>
  </ItemGroup>
  <ItemGroup>
    <ClInclude Include="pch.h">
      <Filter>Header Files</Filter>
    </ClInclude>
    <ClInclude Include="ForcedInclude.h">
      <Filter>Header Files</Filter>
    </ClInclude>
  </ItemGroup>
</Project>